// !$*UTF8*$!
{
	archiveVersion = 1;
	classes = {
	};
	objectVersion = 46;
	objects = {

/* Begin PBXBuildFile section */
		6A105AFA1EC3F48D00109913 /* AppDelegate.swift in Sources */ = {isa = PBXBuildFile; fileRef = 6A105AF91EC3F48D00109913 /* AppDelegate.swift */; };
		6A105AFC1EC3F48D00109913 /* ViewController.swift in Sources */ = {isa = PBXBuildFile; fileRef = 6A105AFB1EC3F48D00109913 /* ViewController.swift */; };
		6A105AFE1EC3F48D00109913 /* Assets.xcassets in Resources */ = {isa = PBXBuildFile; fileRef = 6A105AFD1EC3F48D00109913 /* Assets.xcassets */; };
		6A105B011EC3F48D00109913 /* Main.storyboard in Resources */ = {isa = PBXBuildFile; fileRef = 6A105AFF1EC3F48D00109913 /* Main.storyboard */; };
		6A105B0A1EC3F4B300109913 /* AVFoundation.framework in Frameworks */ = {isa = PBXBuildFile; fileRef = 6A105B091EC3F4B300109913 /* AVFoundation.framework */; };
/* End PBXBuildFile section */

/* Begin PBXFileReference section */
		6A105AF61EC3F48D00109913 /* Jobcan.app */ = {isa = PBXFileReference; explicitFileType = wrapper.application; includeInIndex = 0; path = Jobcan.app; sourceTree = BUILT_PRODUCTS_DIR; };
		6A105AF91EC3F48D00109913 /* AppDelegate.swift */ = {isa = PBXFileReference; lastKnownFileType = sourcecode.swift; path = AppDelegate.swift; sourceTree = "<group>"; };
		6A105AFB1EC3F48D00109913 /* ViewController.swift */ = {isa = PBXFileReference; lastKnownFileType = sourcecode.swift; path = ViewController.swift; sourceTree = "<group>"; };
		6A105AFD1EC3F48D00109913 /* Assets.xcassets */ = {isa = PBXFileReference; lastKnownFileType = folder.assetcatalog; path = Assets.xcassets; sourceTree = "<group>"; };
		6A105B001EC3F48D00109913 /* Base */ = {isa = PBXFileReference; lastKnownFileType = file.storyboard; name = Base; path = Base.lproj/Main.storyboard; sourceTree = "<group>"; };
		6A105B021EC3F48D00109913 /* Info.plist */ = {isa = PBXFileReference; lastKnownFileType = text.plist.xml; path = Info.plist; sourceTree = "<group>"; };
		6A105B091EC3F4B300109913 /* AVFoundation.framework */ = {isa = PBXFileReference; lastKnownFileType = wrapper.framework; name = AVFoundation.framework; path = System/Library/Frameworks/AVFoundation.framework; sourceTree = SDKROOT; };
/* End PBXFileReference section */

/* Begin PBXFrameworksBuildPhase section */
		6A105AF31EC3F48D00109913 /* Frameworks */ = {
			isa = PBXFrameworksBuildPhase;
			buildActionMask = 2147483647;
			files = (
				6A105B0A1EC3F4B300109913 /* AVFoundation.framework in Frameworks */,
			);
			runOnlyForDeploymentPostprocessing = 0;
		};
/* End PBXFrameworksBuildPhase section */

/* Begin PBXGroup section */
		6A105AED1EC3F48D00109913 = {
			isa = PBXGroup;
			children = (
				6A105AF81EC3F48D00109913 /* Jobcan */,
				6A105AF71EC3F48D00109913 /* Products */,
				6A105B081EC3F4B300109913 /* Frameworks */,
			);
			sourceTree = "<group>";
		};
		6A105AF71EC3F48D00109913 /* Products */ = {
			isa = PBXGroup;
			children = (
				6A105AF61EC3F48D00109913 /* Jobcan.app */,
			);
			name = Products;
			sourceTree = "<group>";
		};
		6A105AF81EC3F48D00109913 /* Jobcan */ = {
			isa = PBXGroup;
			children = (
				6A105AF91EC3F48D00109913 /* AppDelegate.swift */,
				6A105AFB1EC3F48D00109913 /* ViewController.swift */,
				6A105AFD1EC3F48D00109913 /* Assets.xcassets */,
				6A105AFF1EC3F48D00109913 /* Main.storyboard */,
				6A105B021EC3F48D00109913 /* Info.plist */,
			);
			path = Jobcan;
			sourceTree = "<group>";
		};
		6A105B081EC3F4B300109913 /* Frameworks */ = {
			isa = PBXGroup;
			children = (
				6A105B091EC3F4B300109913 /* AVFoundation.framework */,
			);
			name = Frameworks;
			sourceTree = "<group>";
		};
/* End PBXGroup section */

/* Begin PBXNativeTarget section */
		6A105AF51EC3F48D00109913 /* Jobcan */ = {
			isa = PBXNativeTarget;
			buildConfigurationList = 6A105B051EC3F48D00109913 /* Build configuration list for PBXNativeTarget "Jobcan" */;
			buildPhases = (
				6A105AF21EC3F48D00109913 /* Sources */,
				6A105AF31EC3F48D00109913 /* Frameworks */,
				6A105AF41EC3F48D00109913 /* Resources */,
			);
			buildRules = (
			);
			dependencies = (
			);
			name = Jobcan;
			productName = Jobcan;
			productReference = 6A105AF61EC3F48D00109913 /* Jobcan.app */;
			productType = "com.apple.product-type.application";
		};
/* End PBXNativeTarget section */

/* Begin PBXProject section */
		6A105AEE1EC3F48D00109913 /* Project object */ = {
			isa = PBXProject;
			attributes = {
				LastSwiftUpdateCheck = 0830;
				LastUpgradeCheck = 0830;
				ORGANIZATIONNAME = "SmartDrive inc.";
				TargetAttributes = {
					6A105AF51EC3F48D00109913 = {
						CreatedOnToolsVersion = 8.3.2;
						DevelopmentTeam = 95SA947229;
						ProvisioningStyle = Automatic;
					};
				};
			};
			buildConfigurationList = 6A105AF11EC3F48D00109913 /* Build configuration list for PBXProject "Jobcan" */;
			compatibilityVersion = "Xcode 3.2";
			developmentRegion = English;
			hasScannedForEncodings = 0;
			knownRegions = (
				en,
				Base,
			);
			mainGroup = 6A105AED1EC3F48D00109913;
			productRefGroup = 6A105AF71EC3F48D00109913 /* Products */;
			projectDirPath = "";
			projectRoot = "";
			targets = (
				6A105AF51EC3F48D00109913 /* Jobcan */,
			);
		};
/* End PBXProject section */

/* Begin PBXResourcesBuildPhase section */
		6A105AF41EC3F48D00109913 /* Resources */ = {
			isa = PBXResourcesBuildPhase;
			buildActionMask = 2147483647;
			files = (
				6A105AFE1EC3F48D00109913 /* Assets.xcassets in Resources */,
				6A105B011EC3F48D00109913 /* Main.storyboard in Resources */,
			);
			runOnlyForDeploymentPostprocessing = 0;
		};
/* End PBXResourcesBuildPhase section */

/* Begin PBXSourcesBuildPhase section */
		6A105AF21EC3F48D00109913 /* Sources */ = {
			isa = PBXSourcesBuildPhase;
			buildActionMask = 2147483647;
			files = (
				6A105AFC1EC3F48D00109913 /* ViewController.swift in Sources */,
				6A105AFA1EC3F48D00109913 /* AppDelegate.swift in Sources */,
			);
			runOnlyForDeploymentPostprocessing = 0;
		};
/* End PBXSourcesBuildPhase section */

/* Begin PBXVariantGroup section */
		6A105AFF1EC3F48D00109913 /* Main.storyboard */ = {
			isa = PBXVariantGroup;
			children = (
				6A105B001EC3F48D00109913 /* Base */,
			);
			name = Main.storyboard;
			sourceTree = "<group>";
		};
/* End PBXVariantGroup section */

/* Begin XCBuildConfiguration section */
		6A105B031EC3F48D00109913 /* Debug */ = {
			isa = XCBuildConfiguration;
			buildSettings = {
				ALWAYS_SEARCH_USER_PATHS = NO;
				CLANG_ANALYZER_NONNULL = YES;
				CLANG_ANALYZER_NUMBER_OBJECT_CONVERSION = YES_AGGRESSIVE;
				CLANG_CXX_LANGUAGE_STANDARD = "gnu++0x";
				CLANG_CXX_LIBRARY = "libc++";
				CLANG_ENABLE_MODULES = YES;
				CLANG_ENABLE_OBJC_ARC = YES;
				CLANG_WARN_BOOL_CONVERSION = YES;
				CLANG_WARN_CONSTANT_CONVERSION = YES;
				CLANG_WARN_DIRECT_OBJC_ISA_USAGE = YES_ERROR;
				CLANG_WARN_DOCUMENTATION_COMMENTS = YES;
				CLANG_WARN_EMPTY_BODY = YES;
				CLANG_WARN_ENUM_CONVERSION = YES;
				CLANG_WARN_INFINITE_RECURSION = YES;
				CLANG_WARN_INT_CONVERSION = YES;
				CLANG_WARN_OBJC_ROOT_CLASS = YES_ERROR;
				CLANG_WARN_SUSPICIOUS_MOVE = YES;
				CLANG_WARN_UNREACHABLE_CODE = YES;
				CLANG_WARN__DUPLICATE_METHOD_MATCH = YES;
				CODE_SIGN_IDENTITY = "-";
				COPY_PHASE_STRIP = NO;
				DEBUG_INFORMATION_FORMAT = dwarf;
				ENABLE_STRICT_OBJC_MSGSEND = YES;
				ENABLE_TESTABILITY = YES;
				GCC_C_LANGUAGE_STANDARD = gnu99;
				GCC_DYNAMIC_NO_PIC = NO;
				GCC_NO_COMMON_BLOCKS = YES;
				GCC_OPTIMIZATION_LEVEL = 0;
				GCC_PREPROCESSOR_DEFINITIONS = (
					"DEBUG=1",
					"$(inherited)",
				);
				GCC_WARN_64_TO_32_BIT_CONVERSION = YES;
				GCC_WARN_ABOUT_RETURN_TYPE = YES_ERROR;
				GCC_WARN_UNDECLARED_SELECTOR = YES;
				GCC_WARN_UNINITIALIZED_AUTOS = YES_AGGRESSIVE;
				GCC_WARN_UNUSED_FUNCTION = YES;
				GCC_WARN_UNUSED_VARIABLE = YES;
				MACOSX_DEPLOYMENT_TARGET = 10.12;
				MTL_ENABLE_DEBUG_INFO = YES;
				ONLY_ACTIVE_ARCH = YES;
				SDKROOT = macosx;
				SWIFT_ACTIVE_COMPILATION_CONDITIONS = DEBUG;
				SWIFT_OPTIMIZATION_LEVEL = "-Onone";
			};
			name = Debug;
		};
		6A105B041EC3F48D00109913 /* Release */ = {
			isa = XCBuildConfiguration;
			buildSettings = {
				ALWAYS_SEARCH_USER_PATHS = NO;
				CLANG_ANALYZER_NONNULL = YES;
				CLANG_ANALYZER_NUMBER_OBJECT_CONVERSION = YES_AGGRESSIVE;
				CLANG_CXX_LANGUAGE_STANDARD = "gnu++0x";
				CLANG_CXX_LIBRARY = "libc++";
				CLANG_ENABLE_MODULES = YES;
				CLANG_ENABLE_OBJC_ARC = YES;
				CLANG_WARN_BOOL_CONVERSION = YES;
				CLANG_WARN_CONSTANT_CONVERSION = YES;
				CLANG_WARN_DIRECT_OBJC_ISA_USAGE = YES_ERROR;
				CLANG_WARN_DOCUMENTATION_COMMENTS = YES;
				CLANG_WARN_EMPTY_BODY = YES;
				CLANG_WARN_ENUM_CONVERSION = YES;
				CLANG_WARN_INFINITE_RECURSION = YES;
				CLANG_WARN_INT_CONVERSION = YES;
				CLANG_WARN_OBJC_ROOT_CLASS = YES_ERROR;
				CLANG_WARN_SUSPICIOUS_MOVE = YES;
				CLANG_WARN_UNREACHABLE_CODE = YES;
				CLANG_WARN__DUPLICATE_METHOD_MATCH = YES;
				CODE_SIGN_IDENTITY = "-";
				COPY_PHASE_STRIP = NO;
				DEBUG_INFORMATION_FORMAT = "dwarf-with-dsym";
				ENABLE_NS_ASSERTIONS = NO;
				ENABLE_STRICT_OBJC_MSGSEND = YES;
				GCC_C_LANGUAGE_STANDARD = gnu99;
				GCC_NO_COMMON_BLOCKS = YES;
				GCC_WARN_64_TO_32_BIT_CONVERSION = YES;
				GCC_WARN_ABOUT_RETURN_TYPE = YES_ERROR;
				GCC_WARN_UNDECLARED_SELECTOR = YES;
				GCC_WARN_UNINITIALIZED_AUTOS = YES_AGGRESSIVE;
				GCC_WARN_UNUSED_FUNCTION = YES;
				GCC_WARN_UNUSED_VARIABLE = YES;
				MACOSX_DEPLOYMENT_TARGET = 10.12;
				MTL_ENABLE_DEBUG_INFO = NO;
				SDKROOT = macosx;
				SWIFT_OPTIMIZATION_LEVEL = "-Owholemodule";
			};
			name = Release;
		};
		6A105B061EC3F48D00109913 /* Debug */ = {
			isa = XCBuildConfiguration;
			buildSettings = {
				ASSETCATALOG_COMPILER_APPICON_NAME = AppIcon;
				COMBINE_HIDPI_IMAGES = YES;
				DEVELOPMENT_TEAM = 95SA947229;
				INFOPLIST_FILE = Jobcan/Info.plist;
				LD_RUNPATH_SEARCH_PATHS = "$(inherited) @executable_path/../Frameworks";
				PRODUCT_BUNDLE_IDENTIFIER = jp.co.smartdrive.Jobcan;
				PRODUCT_NAME = "$(TARGET_NAME)";
				SWIFT_VERSION = 3.0;
			};
			name = Debug;
		};
		6A105B071EC3F48D00109913 /* Release */ = {
			isa = XCBuildConfiguration;
			buildSettings = {
				ASSETCATALOG_COMPILER_APPICON_NAME = AppIcon;
				COMBINE_HIDPI_IMAGES = YES;
				DEVELOPMENT_TEAM = 95SA947229;
				INFOPLIST_FILE = Jobcan/Info.plist;
				LD_RUNPATH_SEARCH_PATHS = "$(inherited) @executable_path/../Frameworks";
				PRODUCT_BUNDLE_IDENTIFIER = jp.co.smartdrive.Jobcan;
				PRODUCT_NAME = "$(TARGET_NAME)";
				SWIFT_VERSION = 3.0;
			};
			name = Release;
		};
/* End XCBuildConfiguration section */

/* Begin XCConfigurationList section */
		6A105AF11EC3F48D00109913 /* Build configuration list for PBXProject "Jobcan" */ = {
			isa = XCConfigurationList;
			buildConfigurations = (
				6A105B031EC3F48D00109913 /* Debug */,
				6A105B041EC3F48D00109913 /* Release */,
			);
			defaultConfigurationIsVisible = 0;
			defaultConfigurationName = Release;
		};
		6A105B051EC3F48D00109913 /* Build configuration list for PBXNativeTarget "Jobcan" */ = {
			isa = XCConfigurationList;
			buildConfigurations = (
				6A105B061EC3F48D00109913 /* Debug */,
				6A105B071EC3F48D00109913 /* Release */,
			);
			defaultConfigurationIsVisible = 0;
		};
/* End XCConfigurationList section */
	};
	rootObject = 6A105AEE1EC3F48D00109913 /* Project object */;
}
